
Microsoft Visual Studio Solution File, Format Version 12.00
# Visual Studio Version 17
VisualStudioVersion = 17.9.34902.65
MinimumVisualStudioVersion = 10.0.40219.1
Project("{9A19103F-16F7-4668-BE54-9A1E7A4F7556}") = "string1_1", "string1_1.csproj", "{60C14552-56AE-40FC-BEF1-A83EF6AF5195}"
EndProject
Project("{9A19103F-16F7-4668-BE54-9A1E7A4F7556}") = "String1_2", "..\String1_2\String1_2.csproj", "{3AC61384-73F8-4E78-A40A-2B352857DE82}"
EndProject
Project("{9A19103F-16F7-4668-BE54-9A1E7A4F7556}") = "String1_3", "..\String1_3\String1_3.csproj", "{2555CDB4-4D85-4D3C-919E-A50BAA71B139}"
EndProject
Project("{9A19103F-16F7-4668-BE54-9A1E7A4F7556}") = "String2_1", "..\String2_1\String2_1.csproj", "{FE432073-33F1-4246-9435-46CE7831CB7A}"
EndProject
Project("{9A19103F-16F7-4668-BE54-9A1E7A4F7556}") = "String2_2", "..\String2_2\String2_2.csproj", "{8BC10F1D-347D-4BA3-A57C-726B57C8DB84}"
EndProject
Project("{9A19103F-16F7-4668-BE54-9A1E7A4F7556}") = "string2_3", "..\string2_3\string2_3.csproj", "{12159B9B-C993-4DB0-8063-BC7EEA14FC4E}"
EndProject
Project("{FAE04EC0-301F-11D3-BF4B-00C04F79EFBC}") = "String3_1", "..\String3_1\String3_1.csproj", "{55533CF6-5C73-4F5B-8828-2E77678E3E57}"
EndProject
Project("{FAE04EC0-301F-11D3-BF4B-00C04F79EFBC}") = "String3_2", "..\String3_2\String3_2.csproj", "{93CCEEC4-3912-4F35-81F1-3DCD491D8385}"
EndProject
Project("{FAE04EC0-301F-11D3-BF4B-00C04F79EFBC}") = "String3_3", "..\String3_3\String3_3.csproj", "{ABA7D97D-4D16-4119-8E4D-FDCE6A77BEF4}"
EndProject
Project("{FAE04EC0-301F-11D3-BF4B-00C04F79EFBC}") = "Array1_1", "..\Array1_1\Array1_1.csproj", "{8560B201-ABB1-42C6-A39C-276242AEC5C3}"
EndProject
Project("{FAE04EC0-301F-11D3-BF4B-00C04F79EFBC}") = "Array1_2", "..\Array1_2\Array1_2.csproj", "{D3257CDC-AFDA-4EE2-8799-424C0B734204}"
EndProject
Project("{FAE04EC0-301F-11D3-BF4B-00C04F79EFBC}") = "Array1_3", "..\Array1_3\Array1_3.csproj", "{24BD1E8E-52E7-4238-B47F-B174956A99C3}"
EndProject
Project("{FAE04EC0-301F-11D3-BF4B-00C04F79EFBC}") = "Array2_1", "..\Array2_1\Array2_1.csproj", "{3387F4E7-CBE0-475A-AE92-4F5AAD6C8953}"
EndProject
Project("{FAE04EC0-301F-11D3-BF4B-00C04F79EFBC}") = "Array2_2", "..\Array2_2\Array2_2.csproj", "{38E0BA04-03E8-4219-AE31-90AD6C1F324F}"
EndProject
Project("{FAE04EC0-301F-11D3-BF4B-00C04F79EFBC}") = "Array2_3", "..\Array2_3\Array2_3.csproj", "{2A2E459F-FF20-4D38-B030-14023B023A09}"
EndProject
Project("{FAE04EC0-301F-11D3-BF4B-00C04F79EFBC}") = "Array3_1", "..\Array3_1\Array3_1.csproj", "{01041534-7DE5-40AB-94E9-D8CEFE86AEC2}"
EndProject
Project("{FAE04EC0-301F-11D3-BF4B-00C04F79EFBC}") = "Array3_2", "..\Array3_2\Array3_2.csproj", "{8BC7AFE0-55A1-4EA1-B3C6-AE6FC70B35FC}"
EndProject
Project("{FAE04EC0-301F-11D3-BF4B-00C04F79EFBC}") = "Array3_3", "..\Array3_3\Array3_3.csproj", "{238CE122-70D5-4F15-BF30-70FEEFD48F47}"
EndProject
Global
	GlobalSection(SolutionConfigurationPlatforms) = preSolution
		Debug|Any CPU = Debug|Any CPU
		Release|Any CPU = Release|Any CPU
	EndGlobalSection
	GlobalSection(ProjectConfigurationPlatforms) = postSolution
		{60C14552-56AE-40FC-BEF1-A83EF6AF5195}.Debug|Any CPU.ActiveCfg = Debug|Any CPU
		{60C14552-56AE-40FC-BEF1-A83EF6AF5195}.Debug|Any CPU.Build.0 = Debug|Any CPU
		{60C14552-56AE-40FC-BEF1-A83EF6AF5195}.Release|Any CPU.ActiveCfg = Release|Any CPU
		{60C14552-56AE-40FC-BEF1-A83EF6AF5195}.Release|Any CPU.Build.0 = Release|Any CPU
		{3AC61384-73F8-4E78-A40A-2B352857DE82}.Debug|Any CPU.ActiveCfg = Debug|Any CPU
		{3AC61384-73F8-4E78-A40A-2B352857DE82}.Debug|Any CPU.Build.0 = Debug|Any CPU
		{3AC61384-73F8-4E78-A40A-2B352857DE82}.Release|Any CPU.ActiveCfg = Release|Any CPU
		{3AC61384-73F8-4E78-A40A-2B352857DE82}.Release|Any CPU.Build.0 = Release|Any CPU
		{2555CDB4-4D85-4D3C-919E-A50BAA71B139}.Debug|Any CPU.ActiveCfg = Debug|Any CPU
		{2555CDB4-4D85-4D3C-919E-A50BAA71B139}.Debug|Any CPU.Build.0 = Debug|Any CPU
		{2555CDB4-4D85-4D3C-919E-A50BAA71B139}.Release|Any CPU.ActiveCfg = Release|Any CPU
		{2555CDB4-4D85-4D3C-919E-A50BAA71B139}.Release|Any CPU.Build.0 = Release|Any CPU
		{FE432073-33F1-4246-9435-46CE7831CB7A}.Debug|Any CPU.ActiveCfg = Debug|Any CPU
		{FE432073-33F1-4246-9435-46CE7831CB7A}.Debug|Any CPU.Build.0 = Debug|Any CPU
		{FE432073-33F1-4246-9435-46CE7831CB7A}.Release|Any CPU.ActiveCfg = Release|Any CPU
		{FE432073-33F1-4246-9435-46CE7831CB7A}.Release|Any CPU.Build.0 = Release|Any CPU
		{8BC10F1D-347D-4BA3-A57C-726B57C8DB84}.Debug|Any CPU.ActiveCfg = Debug|Any CPU
		{8BC10F1D-347D-4BA3-A57C-726B57C8DB84}.Debug|Any CPU.Build.0 = Debug|Any CPU
		{8BC10F1D-347D-4BA3-A57C-726B57C8DB84}.Release|Any CPU.ActiveCfg = Release|Any CPU
		{8BC10F1D-347D-4BA3-A57C-726B57C8DB84}.Release|Any CPU.Build.0 = Release|Any CPU
		{12159B9B-C993-4DB0-8063-BC7EEA14FC4E}.Debug|Any CPU.ActiveCfg = Debug|Any CPU
		{12159B9B-C993-4DB0-8063-BC7EEA14FC4E}.Debug|Any CPU.Build.0 = Debug|Any CPU
		{12159B9B-C993-4DB0-8063-BC7EEA14FC4E}.Release|Any CPU.ActiveCfg = Release|Any CPU
		{12159B9B-C993-4DB0-8063-BC7EEA14FC4E}.Release|Any CPU.Build.0 = Release|Any CPU
		{55533CF6-5C73-4F5B-8828-2E77678E3E57}.Debug|Any CPU.ActiveCfg = Debug|Any CPU
		{55533CF6-5C73-4F5B-8828-2E77678E3E57}.Debug|Any CPU.Build.0 = Debug|Any CPU
		{55533CF6-5C73-4F5B-8828-2E77678E3E57}.Release|Any CPU.ActiveCfg = Release|Any CPU
		{55533CF6-5C73-4F5B-8828-2E77678E3E57}.Release|Any CPU.Build.0 = Release|Any CPU
		{93CCEEC4-3912-4F35-81F1-3DCD491D8385}.Debug|Any CPU.ActiveCfg = Debug|Any CPU
		{93CCEEC4-3912-4F35-81F1-3DCD491D8385}.Debug|Any CPU.Build.0 = Debug|Any CPU
		{93CCEEC4-3912-4F35-81F1-3DCD491D8385}.Release|Any CPU.ActiveCfg = Release|Any CPU
		{93CCEEC4-3912-4F35-81F1-3DCD491D8385}.Release|Any CPU.Build.0 = Release|Any CPU
		{ABA7D97D-4D16-4119-8E4D-FDCE6A77BEF4}.Debug|Any CPU.ActiveCfg = Debug|Any CPU
		{ABA7D97D-4D16-4119-8E4D-FDCE6A77BEF4}.Debug|Any CPU.Build.0 = Debug|Any CPU
		{ABA7D97D-4D16-4119-8E4D-FDCE6A77BEF4}.Release|Any CPU.ActiveCfg = Release|Any CPU
		{ABA7D97D-4D16-4119-8E4D-FDCE6A77BEF4}.Release|Any CPU.Build.0 = Release|Any CPU
		{8560B201-ABB1-42C6-A39C-276242AEC5C3}.Debug|Any CPU.ActiveCfg = Debug|Any CPU
		{8560B201-ABB1-42C6-A39C-276242AEC5C3}.Debug|Any CPU.Build.0 = Debug|Any CPU
		{8560B201-ABB1-42C6-A39C-276242AEC5C3}.Release|Any CPU.ActiveCfg = Release|Any CPU
		{8560B201-ABB1-42C6-A39C-276242AEC5C3}.Release|Any CPU.Build.0 = Release|Any CPU
		{D3257CDC-AFDA-4EE2-8799-424C0B734204}.Debug|Any CPU.ActiveCfg = Debug|Any CPU
		{D3257CDC-AFDA-4EE2-8799-424C0B734204}.Debug|Any CPU.Build.0 = Debug|Any CPU
		{D3257CDC-AFDA-4EE2-8799-424C0B734204}.Release|Any CPU.ActiveCfg = Release|Any CPU
		{D3257CDC-AFDA-4EE2-8799-424C0B734204}.Release|Any CPU.Build.0 = Release|Any CPU
		{24BD1E8E-52E7-4238-B47F-B174956A99C3}.Debug|Any CPU.ActiveCfg = Debug|Any CPU
		{24BD1E8E-52E7-4238-B47F-B174956A99C3}.Debug|Any CPU.Build.0 = Debug|Any CPU
		{24BD1E8E-52E7-4238-B47F-B174956A99C3}.Release|Any CPU.ActiveCfg = Release|Any CPU
		{24BD1E8E-52E7-4238-B47F-B174956A99C3}.Release|Any CPU.Build.0 = Release|Any CPU
		{3387F4E7-CBE0-475A-AE92-4F5AAD6C8953}.Debug|Any CPU.ActiveCfg = Debug|Any CPU
		{3387F4E7-CBE0-475A-AE92-4F5AAD6C8953}.Debug|Any CPU.Build.0 = Debug|Any CPU
		{3387F4E7-CBE0-475A-AE92-4F5AAD6C8953}.Release|Any CPU.ActiveCfg = Release|Any CPU
		{3387F4E7-CBE0-475A-AE92-4F5AAD6C8953}.Release|Any CPU.Build.0 = Release|Any CPU
		{38E0BA04-03E8-4219-AE31-90AD6C1F324F}.Debug|Any CPU.ActiveCfg = Debug|Any CPU
		{38E0BA04-03E8-4219-AE31-90AD6C1F324F}.Debug|Any CPU.Build.0 = Debug|Any CPU
		{38E0BA04-03E8-4219-AE31-90AD6C1F324F}.Release|Any CPU.ActiveCfg = Release|Any CPU
		{38E0BA04-03E8-4219-AE31-90AD6C1F324F}.Release|Any CPU.Build.0 = Release|Any CPU
		{2A2E459F-FF20-4D38-B030-14023B023A09}.Debug|Any CPU.ActiveCfg = Debug|Any CPU
		{2A2E459F-FF20-4D38-B030-14023B023A09}.Debug|Any CPU.Build.0 = Debug|Any CPU
		{2A2E459F-FF20-4D38-B030-14023B023A09}.Release|Any CPU.ActiveCfg = Release|Any CPU
		{2A2E459F-FF20-4D38-B030-14023B023A09}.Release|Any CPU.Build.0 = Release|Any CPU
		{01041534-7DE5-40AB-94E9-D8CEFE86AEC2}.Debug|Any CPU.ActiveCfg = Debug|Any CPU
		{01041534-7DE5-40AB-94E9-D8CEFE86AEC2}.Debug|Any CPU.Build.0 = Debug|Any CPU
		{01041534-7DE5-40AB-94E9-D8CEFE86AEC2}.Release|Any CPU.ActiveCfg = Release|Any CPU
		{01041534-7DE5-40AB-94E9-D8CEFE86AEC2}.Release|Any CPU.Build.0 = Release|Any CPU
		{8BC7AFE0-55A1-4EA1-B3C6-AE6FC70B35FC}.Debug|Any CPU.ActiveCfg = Debug|Any CPU
		{8BC7AFE0-55A1-4EA1-B3C6-AE6FC70B35FC}.Debug|Any CPU.Build.0 = Debug|Any CPU
		{8BC7AFE0-55A1-4EA1-B3C6-AE6FC70B35FC}.Release|Any CPU.ActiveCfg = Release|Any CPU
		{8BC7AFE0-55A1-4EA1-B3C6-AE6FC70B35FC}.Release|Any CPU.Build.0 = Release|Any CPU
		{238CE122-70D5-4F15-BF30-70FEEFD48F47}.Debug|Any CPU.ActiveCfg = Debug|Any CPU
		{238CE122-70D5-4F15-BF30-70FEEFD48F47}.Debug|Any CPU.Build.0 = Debug|Any CPU
		{238CE122-70D5-4F15-BF30-70FEEFD48F47}.Release|Any CPU.ActiveCfg = Release|Any CPU
		{238CE122-70D5-4F15-BF30-70FEEFD48F47}.Release|Any CPU.Build.0 = Release|Any CPU
	EndGlobalSection
	GlobalSection(SolutionProperties) = preSolution
		HideSolutionNode = FALSE
	EndGlobalSection
	GlobalSection(ExtensibilityGlobals) = postSolution
		SolutionGuid = {40BAC408-EA1D-4810-A27F-44FBA3743A7C}
	EndGlobalSection
EndGlobal
