
Microsoft Visual Studio Solution File, Format Version 12.00
# Visual Studio Version 17
VisualStudioVersion = 17.9.34902.65
MinimumVisualStudioVersion = 10.0.40219.1
Project("{FAE04EC0-301F-11D3-BF4B-00C04F79EFBC}") = "string1_1", "string1_1.csproj", "{60C14552-56AE-40FC-BEF1-A83EF6AF5195}"
EndProject
Project("{FAE04EC0-301F-11D3-BF4B-00C04F79EFBC}") = "String1_2", "..\String1_2\String1_2.csproj", "{3AC61384-73F8-4E78-A40A-2B352857DE82}"
EndProject
Project("{FAE04EC0-301F-11D3-BF4B-00C04F79EFBC}") = "String1_3", "..\String1_3\String1_3.csproj", "{2555CDB4-4D85-4D3C-919E-A50BAA71B139}"
EndProject
Project("{FAE04EC0-301F-11D3-BF4B-00C04F79EFBC}") = "String2_1", "..\String2_1\String2_1.csproj", "{FE432073-33F1-4246-9435-46CE7831CB7A}"
EndProject
Project("{FAE04EC0-301F-11D3-BF4B-00C04F79EFBC}") = "String2_2", "..\String2_2\String2_2.csproj", "{8BC10F1D-347D-4BA3-A57C-726B57C8DB84}"
EndProject
Project("{FAE04EC0-301F-11D3-BF4B-00C04F79EFBC}") = "string2_3", "..\string2_3\string2_3.csproj", "{12159B9B-C993-4DB0-8063-BC7EEA14FC4E}"
EndProject
Global
	GlobalSection(SolutionConfigurationPlatforms) = preSolution
		Debug|Any CPU = Debug|Any CPU
		Release|Any CPU = Release|Any CPU
	EndGlobalSection
	GlobalSection(ProjectConfigurationPlatforms) = postSolution
		{60C14552-56AE-40FC-BEF1-A83EF6AF5195}.Debug|Any CPU.ActiveCfg = Debug|Any CPU
		{60C14552-56AE-40FC-BEF1-A83EF6AF5195}.Debug|Any CPU.Build.0 = Debug|Any CPU
		{60C14552-56AE-40FC-BEF1-A83EF6AF5195}.Release|Any CPU.ActiveCfg = Release|Any CPU
		{60C14552-56AE-40FC-BEF1-A83EF6AF5195}.Release|Any CPU.Build.0 = Release|Any CPU
		{3AC61384-73F8-4E78-A40A-2B352857DE82}.Debug|Any CPU.ActiveCfg = Debug|Any CPU
		{3AC61384-73F8-4E78-A40A-2B352857DE82}.Debug|Any CPU.Build.0 = Debug|Any CPU
		{3AC61384-73F8-4E78-A40A-2B352857DE82}.Release|Any CPU.ActiveCfg = Release|Any CPU
		{3AC61384-73F8-4E78-A40A-2B352857DE82}.Release|Any CPU.Build.0 = Release|Any CPU
		{2555CDB4-4D85-4D3C-919E-A50BAA71B139}.Debug|Any CPU.ActiveCfg = Debug|Any CPU
		{2555CDB4-4D85-4D3C-919E-A50BAA71B139}.Debug|Any CPU.Build.0 = Debug|Any CPU
		{2555CDB4-4D85-4D3C-919E-A50BAA71B139}.Release|Any CPU.ActiveCfg = Release|Any CPU
		{2555CDB4-4D85-4D3C-919E-A50BAA71B139}.Release|Any CPU.Build.0 = Release|Any CPU
		{FE432073-33F1-4246-9435-46CE7831CB7A}.Debug|Any CPU.ActiveCfg = Debug|Any CPU
		{FE432073-33F1-4246-9435-46CE7831CB7A}.Debug|Any CPU.Build.0 = Debug|Any CPU
		{FE432073-33F1-4246-9435-46CE7831CB7A}.Release|Any CPU.ActiveCfg = Release|Any CPU
		{FE432073-33F1-4246-9435-46CE7831CB7A}.Release|Any CPU.Build.0 = Release|Any CPU
		{8BC10F1D-347D-4BA3-A57C-726B57C8DB84}.Debug|Any CPU.ActiveCfg = Debug|Any CPU
		{8BC10F1D-347D-4BA3-A57C-726B57C8DB84}.Debug|Any CPU.Build.0 = Debug|Any CPU
		{8BC10F1D-347D-4BA3-A57C-726B57C8DB84}.Release|Any CPU.ActiveCfg = Release|Any CPU
		{8BC10F1D-347D-4BA3-A57C-726B57C8DB84}.Release|Any CPU.Build.0 = Release|Any CPU
		{12159B9B-C993-4DB0-8063-BC7EEA14FC4E}.Debug|Any CPU.ActiveCfg = Debug|Any CPU
		{12159B9B-C993-4DB0-8063-BC7EEA14FC4E}.Debug|Any CPU.Build.0 = Debug|Any CPU
		{12159B9B-C993-4DB0-8063-BC7EEA14FC4E}.Release|Any CPU.ActiveCfg = Release|Any CPU
		{12159B9B-C993-4DB0-8063-BC7EEA14FC4E}.Release|Any CPU.Build.0 = Release|Any CPU
	EndGlobalSection
	GlobalSection(SolutionProperties) = preSolution
		HideSolutionNode = FALSE
	EndGlobalSection
	GlobalSection(ExtensibilityGlobals) = postSolution
		SolutionGuid = {40BAC408-EA1D-4810-A27F-44FBA3743A7C}
	EndGlobalSection
EndGlobal
