
Microsoft Visual Studio Solution File, Format Version 12.00
# Visual Studio Version 16
VisualStudioVersion = 16.0.31112.23
MinimumVisualStudioVersion = 10.0.40219.1
Project("{FAE04EC0-301F-11D3-BF4B-00C04F79EFBC}") = "ProductsApp", "ProductsApp\ProductsApp.csproj", "{30343624-DB7C-482B-8481-2AAF46DDACD0}"
EndProject
Global
	GlobalSection(SolutionConfigurationPlatforms) = preSolution
		Debug|Any CPU = Debug|Any CPU
		Release|Any CPU = Release|Any CPU
	EndGlobalSection
	GlobalSection(ProjectConfigurationPlatforms) = postSolution
		{30343624-DB7C-482B-8481-2AAF46DDACD0}.Debug|Any CPU.ActiveCfg = Debug|Any CPU
		{30343624-DB7C-482B-8481-2AAF46DDACD0}.Debug|Any CPU.Build.0 = Debug|Any CPU
		{30343624-DB7C-482B-8481-2AAF46DDACD0}.Release|Any CPU.ActiveCfg = Release|Any CPU
		{30343624-DB7C-482B-8481-2AAF46DDACD0}.Release|Any CPU.Build.0 = Release|Any CPU
	EndGlobalSection
	GlobalSection(SolutionProperties) = preSolution
		HideSolutionNode = FALSE
	EndGlobalSection
	GlobalSection(ExtensibilityGlobals) = postSolution
		SolutionGuid = {75469D1C-6C42-4034-A5C7-4AC35A8E5C6D}
	EndGlobalSection
EndGlobal
